
Microsoft Visual Studio Solution File, Format Version 12.00
# Visual Studio Version 17
VisualStudioVersion = 17.8.34330.188
MinimumVisualStudioVersion = 10.0.40219.1
Project("{9A19103F-16F7-4668-BE54-9A1E7A4F7556}") = "TRAQ_Assessment_MVC", "TRAQ_Assessment_MVC\TRAQ_Assessment_MVC.csproj", "{8616CB14-063D-4F4E-91DD-9078E8C33274}"
EndProject
Project("{FAE04EC0-301F-11D3-BF4B-00C04F79EFBC}") = "TRAQ_Assessment_API", "TRAQ_Assessment_API\TRAQ_Assessment_API.csproj", "{4C4C9122-F7D5-46FD-9F82-3FA7EEB42348}"
EndProject
Project("{FAE04EC0-301F-11D3-BF4B-00C04F79EFBC}") = "TRAQ_Assessment_DLL", "TRAQ_Assessment_DLL\TRAQ_Assessment_DLL.csproj", "{13B1AD38-BB35-4DB0-813A-7BA41204BA6A}"
EndProject
Global
	GlobalSection(SolutionConfigurationPlatforms) = preSolution
		Debug|Any CPU = Debug|Any CPU
		Release|Any CPU = Release|Any CPU
	EndGlobalSection
	GlobalSection(ProjectConfigurationPlatforms) = postSolution
		{8616CB14-063D-4F4E-91DD-9078E8C33274}.Debug|Any CPU.ActiveCfg = Debug|Any CPU
		{8616CB14-063D-4F4E-91DD-9078E8C33274}.Debug|Any CPU.Build.0 = Debug|Any CPU
		{8616CB14-063D-4F4E-91DD-9078E8C33274}.Release|Any CPU.ActiveCfg = Release|Any CPU
		{8616CB14-063D-4F4E-91DD-9078E8C33274}.Release|Any CPU.Build.0 = Release|Any CPU
		{4C4C9122-F7D5-46FD-9F82-3FA7EEB42348}.Debug|Any CPU.ActiveCfg = Debug|Any CPU
		{4C4C9122-F7D5-46FD-9F82-3FA7EEB42348}.Debug|Any CPU.Build.0 = Debug|Any CPU
		{4C4C9122-F7D5-46FD-9F82-3FA7EEB42348}.Release|Any CPU.ActiveCfg = Release|Any CPU
		{4C4C9122-F7D5-46FD-9F82-3FA7EEB42348}.Release|Any CPU.Build.0 = Release|Any CPU
		{13B1AD38-BB35-4DB0-813A-7BA41204BA6A}.Debug|Any CPU.ActiveCfg = Debug|Any CPU
		{13B1AD38-BB35-4DB0-813A-7BA41204BA6A}.Debug|Any CPU.Build.0 = Debug|Any CPU
		{13B1AD38-BB35-4DB0-813A-7BA41204BA6A}.Release|Any CPU.ActiveCfg = Release|Any CPU
		{13B1AD38-BB35-4DB0-813A-7BA41204BA6A}.Release|Any CPU.Build.0 = Release|Any CPU
	EndGlobalSection
	GlobalSection(SolutionProperties) = preSolution
		HideSolutionNode = FALSE
	EndGlobalSection
	GlobalSection(ExtensibilityGlobals) = postSolution
		SolutionGuid = {7DCA61EB-72A6-450F-A020-B1FF2B03865C}
	EndGlobalSection
EndGlobal
